
Microsoft Visual Studio Solution File, Format Version 12.00
# Visual Studio Version 17
VisualStudioVersion = 17.1.32210.238
MinimumVisualStudioVersion = 10.0.40219.1
Project("{54A90642-561A-4BB1-A94E-469ADEE60C69}") = "BookClub", "BookClub\BookClub.esproj", "{78EE4A4E-D29B-4773-BC6D-15EC6A75EDEE}"
EndProject
Project("{FAE04EC0-301F-11D3-BF4B-00C04F79EFBC}") = "BookClub.WebApi", "BookClub.WebApi\BookClub.WebApi.csproj", "{9B592B16-41B6-4A13-A461-BB4FCFBF7FA6}"
EndProject
Global
	GlobalSection(SolutionConfigurationPlatforms) = preSolution
		Debug|Any CPU = Debug|Any CPU
		Release|Any CPU = Release|Any CPU
	EndGlobalSection
	GlobalSection(ProjectConfigurationPlatforms) = postSolution
		{78EE4A4E-D29B-4773-BC6D-15EC6A75EDEE}.Debug|Any CPU.ActiveCfg = Debug|Any CPU
		{78EE4A4E-D29B-4773-BC6D-15EC6A75EDEE}.Debug|Any CPU.Build.0 = Debug|Any CPU
		{78EE4A4E-D29B-4773-BC6D-15EC6A75EDEE}.Debug|Any CPU.Deploy.0 = Debug|Any CPU
		{78EE4A4E-D29B-4773-BC6D-15EC6A75EDEE}.Release|Any CPU.ActiveCfg = Release|Any CPU
		{78EE4A4E-D29B-4773-BC6D-15EC6A75EDEE}.Release|Any CPU.Build.0 = Release|Any CPU
		{78EE4A4E-D29B-4773-BC6D-15EC6A75EDEE}.Release|Any CPU.Deploy.0 = Release|Any CPU
		{9B592B16-41B6-4A13-A461-BB4FCFBF7FA6}.Debug|Any CPU.ActiveCfg = Debug|Any CPU
		{9B592B16-41B6-4A13-A461-BB4FCFBF7FA6}.Debug|Any CPU.Build.0 = Debug|Any CPU
		{9B592B16-41B6-4A13-A461-BB4FCFBF7FA6}.Release|Any CPU.ActiveCfg = Release|Any CPU
		{9B592B16-41B6-4A13-A461-BB4FCFBF7FA6}.Release|Any CPU.Build.0 = Release|Any CPU
	EndGlobalSection
	GlobalSection(SolutionProperties) = preSolution
		HideSolutionNode = FALSE
	EndGlobalSection
	GlobalSection(ExtensibilityGlobals) = postSolution
		SolutionGuid = {F6D8D2AE-1A35-45D0-A1FC-39DE9956BDC5}
	EndGlobalSection
EndGlobal
